# This file is automatically @generated by Cargo.
# It is not intended for manual editing.
version = 3

[[package]]
name = "configparser"
version = "1.0.0"
source = "registry+https://github.com/rust-lang/crates.io-index"
checksum = "fe1d7dcda7d1da79e444bdfba1465f2f849a58b07774e1df473ee77030cb47a7"

[[package]]
name = "teamspeak-poker"
version = "1.0.2"
dependencies = [
 "configparser",
 "telnet",
]

[[package]]
name = "telnet"
version = "0.1.4"
source = "registry+https://github.com/rust-lang/crates.io-index"
checksum = "3eb466fac9217be30197774bcfd417f711dcd730d9cc6d7ea4ac85728c0cb9d5"
